// !$*UTF8*$!
{
	archiveVersion = 1;
	classes = {
	};
	objectVersion = 50;
	objects = {

/* Begin PBXBuildFile section */
		D03E529C24C22C1D00B9AD8A /* AppDelegate.swift in Sources */ = {isa = PBXBuildFile; fileRef = D03E529B24C22C1D00B9AD8A /* AppDelegate.swift */; };
		D03E529E24C22C1D00B9AD8A /* SceneDelegate.swift in Sources */ = {isa = PBXBuildFile; fileRef = D03E529D24C22C1D00B9AD8A /* SceneDelegate.swift */; };
		D03E52A224C22C2100B9AD8A /* Assets.xcassets in Resources */ = {isa = PBXBuildFile; fileRef = D03E52A124C22C2100B9AD8A /* Assets.xcassets */; };
		D03E52A524C22C2100B9AD8A /* Preview Assets.xcassets in Resources */ = {isa = PBXBuildFile; fileRef = D03E52A424C22C2100B9AD8A /* Preview Assets.xcassets */; };
		D03E52A824C22C2100B9AD8A /* LaunchScreen.storyboard in Resources */ = {isa = PBXBuildFile; fileRef = D03E52A624C22C2100B9AD8A /* LaunchScreen.storyboard */; };
		D03E52B824C22C6200B9AD8A /* Cardify.swift in Sources */ = {isa = PBXBuildFile; fileRef = D03E52AF24C22C6200B9AD8A /* Cardify.swift */; };
		D03E52B924C22C6200B9AD8A /* Array+Identifiable .swift in Sources */ = {isa = PBXBuildFile; fileRef = D03E52B024C22C6200B9AD8A /* Array+Identifiable .swift */; };
		D03E52BA24C22C6200B9AD8A /* Pie.swift in Sources */ = {isa = PBXBuildFile; fileRef = D03E52B124C22C6200B9AD8A /* Pie.swift */; };
		D03E52BC24C22C6200B9AD8A /* Grid.swift in Sources */ = {isa = PBXBuildFile; fileRef = D03E52B324C22C6200B9AD8A /* Grid.swift */; };
		D03E52BD24C22C6200B9AD8A /* EmojiMemoryGameView.swift in Sources */ = {isa = PBXBuildFile; fileRef = D03E52B424C22C6200B9AD8A /* EmojiMemoryGameView.swift */; };
		D03E52BE24C22C6200B9AD8A /* MemoryGame.swift in Sources */ = {isa = PBXBuildFile; fileRef = D03E52B524C22C6200B9AD8A /* MemoryGame.swift */; };
		D03E52BF24C22C6200B9AD8A /* Array+Only.swift in Sources */ = {isa = PBXBuildFile; fileRef = D03E52B624C22C6200B9AD8A /* Array+Only.swift */; };
		D03E52C024C22C6200B9AD8A /* GridLayout.swift in Sources */ = {isa = PBXBuildFile; fileRef = D03E52B724C22C6200B9AD8A /* GridLayout.swift */; };
		D03E52C224C22E6700B9AD8A /* Theme.swift in Sources */ = {isa = PBXBuildFile; fileRef = D03E52C124C22E6700B9AD8A /* Theme.swift */; };
		D03E52C424C230DC00B9AD8A /* EmojiMemoryGame.swift in Sources */ = {isa = PBXBuildFile; fileRef = D03E52C324C230DC00B9AD8A /* EmojiMemoryGame.swift */; };
/* End PBXBuildFile section */

/* Begin PBXFileReference section */
		D03E529824C22C1D00B9AD8A /* Assignment 5.app */ = {isa = PBXFileReference; explicitFileType = wrapper.application; includeInIndex = 0; path = "Assignment 5.app"; sourceTree = BUILT_PRODUCTS_DIR; };
		D03E529B24C22C1D00B9AD8A /* AppDelegate.swift */ = {isa = PBXFileReference; lastKnownFileType = sourcecode.swift; path = AppDelegate.swift; sourceTree = "<group>"; };
		D03E529D24C22C1D00B9AD8A /* SceneDelegate.swift */ = {isa = PBXFileReference; lastKnownFileType = sourcecode.swift; path = SceneDelegate.swift; sourceTree = "<group>"; };
		D03E52A124C22C2100B9AD8A /* Assets.xcassets */ = {isa = PBXFileReference; lastKnownFileType = folder.assetcatalog; path = Assets.xcassets; sourceTree = "<group>"; };
		D03E52A424C22C2100B9AD8A /* Preview Assets.xcassets */ = {isa = PBXFileReference; lastKnownFileType = folder.assetcatalog; path = "Preview Assets.xcassets"; sourceTree = "<group>"; };
		D03E52A724C22C2100B9AD8A /* Base */ = {isa = PBXFileReference; lastKnownFileType = file.storyboard; name = Base; path = Base.lproj/LaunchScreen.storyboard; sourceTree = "<group>"; };
		D03E52A924C22C2100B9AD8A /* Info.plist */ = {isa = PBXFileReference; lastKnownFileType = text.plist.xml; path = Info.plist; sourceTree = "<group>"; };
		D03E52AF24C22C6200B9AD8A /* Cardify.swift */ = {isa = PBXFileReference; fileEncoding = 4; lastKnownFileType = sourcecode.swift; path = Cardify.swift; sourceTree = "<group>"; };
		D03E52B024C22C6200B9AD8A /* Array+Identifiable .swift */ = {isa = PBXFileReference; fileEncoding = 4; lastKnownFileType = sourcecode.swift; path = "Array+Identifiable .swift"; sourceTree = "<group>"; };
		D03E52B124C22C6200B9AD8A /* Pie.swift */ = {isa = PBXFileReference; fileEncoding = 4; lastKnownFileType = sourcecode.swift; path = Pie.swift; sourceTree = "<group>"; };
		D03E52B324C22C6200B9AD8A /* Grid.swift */ = {isa = PBXFileReference; fileEncoding = 4; lastKnownFileType = sourcecode.swift; path = Grid.swift; sourceTree = "<group>"; };
		D03E52B424C22C6200B9AD8A /* EmojiMemoryGameView.swift */ = {isa = PBXFileReference; fileEncoding = 4; lastKnownFileType = sourcecode.swift; path = EmojiMemoryGameView.swift; sourceTree = "<group>"; };
		D03E52B524C22C6200B9AD8A /* MemoryGame.swift */ = {isa = PBXFileReference; fileEncoding = 4; lastKnownFileType = sourcecode.swift; path = MemoryGame.swift; sourceTree = "<group>"; };
		D03E52B624C22C6200B9AD8A /* Array+Only.swift */ = {isa = PBXFileReference; fileEncoding = 4; lastKnownFileType = sourcecode.swift; path = "Array+Only.swift"; sourceTree = "<group>"; };
		D03E52B724C22C6200B9AD8A /* GridLayout.swift */ = {isa = PBXFileReference; fileEncoding = 4; lastKnownFileType = sourcecode.swift; path = GridLayout.swift; sourceTree = "<group>"; };
		D03E52C124C22E6700B9AD8A /* Theme.swift */ = {isa = PBXFileReference; fileEncoding = 4; lastKnownFileType = sourcecode.swift; path = Theme.swift; sourceTree = "<group>"; };
		D03E52C324C230DC00B9AD8A /* EmojiMemoryGame.swift */ = {isa = PBXFileReference; fileEncoding = 4; lastKnownFileType = sourcecode.swift; path = EmojiMemoryGame.swift; sourceTree = "<group>"; };
/* End PBXFileReference section */

/* Begin PBXFrameworksBuildPhase section */
		D03E529524C22C1D00B9AD8A /* Frameworks */ = {
			isa = PBXFrameworksBuildPhase;
			buildActionMask = 2147483647;
			files = (
			);
			runOnlyForDeploymentPostprocessing = 0;
		};
/* End PBXFrameworksBuildPhase section */

/* Begin PBXGroup section */
		D03E528F24C22C1D00B9AD8A = {
			isa = PBXGroup;
			children = (
				D03E529A24C22C1D00B9AD8A /* Assignment 5 */,
				D03E529924C22C1D00B9AD8A /* Products */,
			);
			sourceTree = "<group>";
		};
		D03E529924C22C1D00B9AD8A /* Products */ = {
			isa = PBXGroup;
			children = (
				D03E529824C22C1D00B9AD8A /* Assignment 5.app */,
			);
			name = Products;
			sourceTree = "<group>";
		};
		D03E529A24C22C1D00B9AD8A /* Assignment 5 */ = {
			isa = PBXGroup;
			children = (
				D03E52B524C22C6200B9AD8A /* MemoryGame.swift */,
				D03E52C324C230DC00B9AD8A /* EmojiMemoryGame.swift */,
				D03E52B424C22C6200B9AD8A /* EmojiMemoryGameView.swift */,
				D03E52AF24C22C6200B9AD8A /* Cardify.swift */,
				D03E52B124C22C6200B9AD8A /* Pie.swift */,
				D03E52B324C22C6200B9AD8A /* Grid.swift */,
				D03E52B724C22C6200B9AD8A /* GridLayout.swift */,
				D03E52C124C22E6700B9AD8A /* Theme.swift */,
				D03E52B624C22C6200B9AD8A /* Array+Only.swift */,
				D03E52B024C22C6200B9AD8A /* Array+Identifiable .swift */,
				D03E529B24C22C1D00B9AD8A /* AppDelegate.swift */,
				D03E529D24C22C1D00B9AD8A /* SceneDelegate.swift */,
				D03E52A124C22C2100B9AD8A /* Assets.xcassets */,
				D03E52A624C22C2100B9AD8A /* LaunchScreen.storyboard */,
				D03E52A924C22C2100B9AD8A /* Info.plist */,
				D03E52A324C22C2100B9AD8A /* Preview Content */,
			);
			path = "Assignment 5";
			sourceTree = "<group>";
		};
		D03E52A324C22C2100B9AD8A /* Preview Content */ = {
			isa = PBXGroup;
			children = (
				D03E52A424C22C2100B9AD8A /* Preview Assets.xcassets */,
			);
			path = "Preview Content";
			sourceTree = "<group>";
		};
/* End PBXGroup section */

/* Begin PBXNativeTarget section */
		D03E529724C22C1D00B9AD8A /* Assignment 5 */ = {
			isa = PBXNativeTarget;
			buildConfigurationList = D03E52AC24C22C2100B9AD8A /* Build configuration list for PBXNativeTarget "Assignment 5" */;
			buildPhases = (
				D03E529424C22C1D00B9AD8A /* Sources */,
				D03E529524C22C1D00B9AD8A /* Frameworks */,
				D03E529624C22C1D00B9AD8A /* Resources */,
			);
			buildRules = (
			);
			dependencies = (
			);
			name = "Assignment 5";
			productName = "Assignment 5";
			productReference = D03E529824C22C1D00B9AD8A /* Assignment 5.app */;
			productType = "com.apple.product-type.application";
		};
/* End PBXNativeTarget section */

/* Begin PBXProject section */
		D03E529024C22C1D00B9AD8A /* Project object */ = {
			isa = PBXProject;
			attributes = {
				LastSwiftUpdateCheck = 1140;
				LastUpgradeCheck = 1140;
				ORGANIZATIONNAME = "Mert Arıcan";
				TargetAttributes = {
					D03E529724C22C1D00B9AD8A = {
						CreatedOnToolsVersion = 11.4;
					};
				};
			};
			buildConfigurationList = D03E529324C22C1D00B9AD8A /* Build configuration list for PBXProject "Assignment 5" */;
			compatibilityVersion = "Xcode 9.3";
			developmentRegion = en;
			hasScannedForEncodings = 0;
			knownRegions = (
				en,
				Base,
			);
			mainGroup = D03E528F24C22C1D00B9AD8A;
			productRefGroup = D03E529924C22C1D00B9AD8A /* Products */;
			projectDirPath = "";
			projectRoot = "";
			targets = (
				D03E529724C22C1D00B9AD8A /* Assignment 5 */,
			);
		};
/* End PBXProject section */

/* Begin PBXResourcesBuildPhase section */
		D03E529624C22C1D00B9AD8A /* Resources */ = {
			isa = PBXResourcesBuildPhase;
			buildActionMask = 2147483647;
			files = (
				D03E52A824C22C2100B9AD8A /* LaunchScreen.storyboard in Resources */,
				D03E52A524C22C2100B9AD8A /* Preview Assets.xcassets in Resources */,
				D03E52A224C22C2100B9AD8A /* Assets.xcassets in Resources */,
			);
			runOnlyForDeploymentPostprocessing = 0;
		};
/* End PBXResourcesBuildPhase section */

/* Begin PBXSourcesBuildPhase section */
		D03E529424C22C1D00B9AD8A /* Sources */ = {
			isa = PBXSourcesBuildPhase;
			buildActionMask = 2147483647;
			files = (
				D03E52BE24C22C6200B9AD8A /* MemoryGame.swift in Sources */,
				D03E52BA24C22C6200B9AD8A /* Pie.swift in Sources */,
				D03E52B824C22C6200B9AD8A /* Cardify.swift in Sources */,
				D03E52BF24C22C6200B9AD8A /* Array+Only.swift in Sources */,
				D03E529C24C22C1D00B9AD8A /* AppDelegate.swift in Sources */,
				D03E52B924C22C6200B9AD8A /* Array+Identifiable .swift in Sources */,
				D03E529E24C22C1D00B9AD8A /* SceneDelegate.swift in Sources */,
				D03E52BC24C22C6200B9AD8A /* Grid.swift in Sources */,
				D03E52BD24C22C6200B9AD8A /* EmojiMemoryGameView.swift in Sources */,
				D03E52C224C22E6700B9AD8A /* Theme.swift in Sources */,
				D03E52C024C22C6200B9AD8A /* GridLayout.swift in Sources */,
				D03E52C424C230DC00B9AD8A /* EmojiMemoryGame.swift in Sources */,
			);
			runOnlyForDeploymentPostprocessing = 0;
		};
/* End PBXSourcesBuildPhase section */

/* Begin PBXVariantGroup section */
		D03E52A624C22C2100B9AD8A /* LaunchScreen.storyboard */ = {
			isa = PBXVariantGroup;
			children = (
				D03E52A724C22C2100B9AD8A /* Base */,
			);
			name = LaunchScreen.storyboard;
			sourceTree = "<group>";
		};
/* End PBXVariantGroup section */

/* Begin XCBuildConfiguration section */
		D03E52AA24C22C2100B9AD8A /* Debug */ = {
			isa = XCBuildConfiguration;
			buildSettings = {
				ALWAYS_SEARCH_USER_PATHS = NO;
				CLANG_ANALYZER_NONNULL = YES;
				CLANG_ANALYZER_NUMBER_OBJECT_CONVERSION = YES_AGGRESSIVE;
				CLANG_CXX_LANGUAGE_STANDARD = "gnu++14";
				CLANG_CXX_LIBRARY = "libc++";
				CLANG_ENABLE_MODULES = YES;
				CLANG_ENABLE_OBJC_ARC = YES;
				CLANG_ENABLE_OBJC_WEAK = YES;
				CLANG_WARN_BLOCK_CAPTURE_AUTORELEASING = YES;
				CLANG_WARN_BOOL_CONVERSION = YES;
				CLANG_WARN_COMMA = YES;
				CLANG_WARN_CONSTANT_CONVERSION = YES;
				CLANG_WARN_DEPRECATED_OBJC_IMPLEMENTATIONS = YES;
				CLANG_WARN_DIRECT_OBJC_ISA_USAGE = YES_ERROR;
				CLANG_WARN_DOCUMENTATION_COMMENTS = YES;
				CLANG_WARN_EMPTY_BODY = YES;
				CLANG_WARN_ENUM_CONVERSION = YES;
				CLANG_WARN_INFINITE_RECURSION = YES;
				CLANG_WARN_INT_CONVERSION = YES;
				CLANG_WARN_NON_LITERAL_NULL_CONVERSION = YES;
				CLANG_WARN_OBJC_IMPLICIT_RETAIN_SELF = YES;
				CLANG_WARN_OBJC_LITERAL_CONVERSION = YES;
				CLANG_WARN_OBJC_ROOT_CLASS = YES_ERROR;
				CLANG_WARN_RANGE_LOOP_ANALYSIS = YES;
				CLANG_WARN_STRICT_PROTOTYPES = YES;
				CLANG_WARN_SUSPICIOUS_MOVE = YES;
				CLANG_WARN_UNGUARDED_AVAILABILITY = YES_AGGRESSIVE;
				CLANG_WARN_UNREACHABLE_CODE = YES;
				CLANG_WARN__DUPLICATE_METHOD_MATCH = YES;
				COPY_PHASE_STRIP = NO;
				DEBUG_INFORMATION_FORMAT = dwarf;
				ENABLE_STRICT_OBJC_MSGSEND = YES;
				ENABLE_TESTABILITY = YES;
				GCC_C_LANGUAGE_STANDARD = gnu11;
				GCC_DYNAMIC_NO_PIC = NO;
				GCC_NO_COMMON_BLOCKS = YES;
				GCC_OPTIMIZATION_LEVEL = 0;
				GCC_PREPROCESSOR_DEFINITIONS = (
					"DEBUG=1",
					"$(inherited)",
				);
				GCC_WARN_64_TO_32_BIT_CONVERSION = YES;
				GCC_WARN_ABOUT_RETURN_TYPE = YES_ERROR;
				GCC_WARN_UNDECLARED_SELECTOR = YES;
				GCC_WARN_UNINITIALIZED_AUTOS = YES_AGGRESSIVE;
				GCC_WARN_UNUSED_FUNCTION = YES;
				GCC_WARN_UNUSED_VARIABLE = YES;
				IPHONEOS_DEPLOYMENT_TARGET = 13.4;
				MTL_ENABLE_DEBUG_INFO = INCLUDE_SOURCE;
				MTL_FAST_MATH = YES;
				ONLY_ACTIVE_ARCH = YES;
				SDKROOT = iphoneos;
				SWIFT_ACTIVE_COMPILATION_CONDITIONS = DEBUG;
				SWIFT_OPTIMIZATION_LEVEL = "-Onone";
			};
			name = Debug;
		};
		D03E52AB24C22C2100B9AD8A /* Release */ = {
			isa = XCBuildConfiguration;
			buildSettings = {
				ALWAYS_SEARCH_USER_PATHS = NO;
				CLANG_ANALYZER_NONNULL = YES;
				CLANG_ANALYZER_NUMBER_OBJECT_CONVERSION = YES_AGGRESSIVE;
				CLANG_CXX_LANGUAGE_STANDARD = "gnu++14";
				CLANG_CXX_LIBRARY = "libc++";
				CLANG_ENABLE_MODULES = YES;
				CLANG_ENABLE_OBJC_ARC = YES;
				CLANG_ENABLE_OBJC_WEAK = YES;
				CLANG_WARN_BLOCK_CAPTURE_AUTORELEASING = YES;
				CLANG_WARN_BOOL_CONVERSION = YES;
				CLANG_WARN_COMMA = YES;
				CLANG_WARN_CONSTANT_CONVERSION = YES;
				CLANG_WARN_DEPRECATED_OBJC_IMPLEMENTATIONS = YES;
				CLANG_WARN_DIRECT_OBJC_ISA_USAGE = YES_ERROR;
				CLANG_WARN_DOCUMENTATION_COMMENTS = YES;
				CLANG_WARN_EMPTY_BODY = YES;
				CLANG_WARN_ENUM_CONVERSION = YES;
				CLANG_WARN_INFINITE_RECURSION = YES;
				CLANG_WARN_INT_CONVERSION = YES;
				CLANG_WARN_NON_LITERAL_NULL_CONVERSION = YES;
				CLANG_WARN_OBJC_IMPLICIT_RETAIN_SELF = YES;
				CLANG_WARN_OBJC_LITERAL_CONVERSION = YES;
				CLANG_WARN_OBJC_ROOT_CLASS = YES_ERROR;
				CLANG_WARN_RANGE_LOOP_ANALYSIS = YES;
				CLANG_WARN_STRICT_PROTOTYPES = YES;
				CLANG_WARN_SUSPICIOUS_MOVE = YES;
				CLANG_WARN_UNGUARDED_AVAILABILITY = YES_AGGRESSIVE;
				CLANG_WARN_UNREACHABLE_CODE = YES;
				CLANG_WARN__DUPLICATE_METHOD_MATCH = YES;
				COPY_PHASE_STRIP = NO;
				DEBUG_INFORMATION_FORMAT = "dwarf-with-dsym";
				ENABLE_NS_ASSERTIONS = NO;
				ENABLE_STRICT_OBJC_MSGSEND = YES;
				GCC_C_LANGUAGE_STANDARD = gnu11;
				GCC_NO_COMMON_BLOCKS = YES;
				GCC_WARN_64_TO_32_BIT_CONVERSION = YES;
				GCC_WARN_ABOUT_RETURN_TYPE = YES_ERROR;
				GCC_WARN_UNDECLARED_SELECTOR = YES;
				GCC_WARN_UNINITIALIZED_AUTOS = YES_AGGRESSIVE;
				GCC_WARN_UNUSED_FUNCTION = YES;
				GCC_WARN_UNUSED_VARIABLE = YES;
				IPHONEOS_DEPLOYMENT_TARGET = 13.4;
				MTL_ENABLE_DEBUG_INFO = NO;
				MTL_FAST_MATH = YES;
				SDKROOT = iphoneos;
				SWIFT_COMPILATION_MODE = wholemodule;
				SWIFT_OPTIMIZATION_LEVEL = "-O";
				VALIDATE_PRODUCT = YES;
			};
			name = Release;
		};
		D03E52AD24C22C2100B9AD8A /* Debug */ = {
			isa = XCBuildConfiguration;
			buildSettings = {
				ASSETCATALOG_COMPILER_APPICON_NAME = AppIcon;
				CODE_SIGN_STYLE = Automatic;
				DEVELOPMENT_ASSET_PATHS = "\"Assignment 5/Preview Content\"";
				DEVELOPMENT_TEAM = VD38UV2MEF;
				ENABLE_PREVIEWS = YES;
				INFOPLIST_FILE = "Assignment 5/Info.plist";
				LD_RUNPATH_SEARCH_PATHS = (
					"$(inherited)",
					"@executable_path/Frameworks",
				);
				PRODUCT_BUNDLE_IDENTIFIER = "com.example.mertarican.Assignment-5";
				PRODUCT_NAME = "$(TARGET_NAME)";
				SWIFT_VERSION = 5.0;
				TARGETED_DEVICE_FAMILY = "1,2";
			};
			name = Debug;
		};
		D03E52AE24C22C2100B9AD8A /* Release */ = {
			isa = XCBuildConfiguration;
			buildSettings = {
				ASSETCATALOG_COMPILER_APPICON_NAME = AppIcon;
				CODE_SIGN_STYLE = Automatic;
				DEVELOPMENT_ASSET_PATHS = "\"Assignment 5/Preview Content\"";
				DEVELOPMENT_TEAM = VD38UV2MEF;
				ENABLE_PREVIEWS = YES;
				INFOPLIST_FILE = "Assignment 5/Info.plist";
				LD_RUNPATH_SEARCH_PATHS = (
					"$(inherited)",
					"@executable_path/Frameworks",
				);
				PRODUCT_BUNDLE_IDENTIFIER = "com.example.mertarican.Assignment-5";
				PRODUCT_NAME = "$(TARGET_NAME)";
				SWIFT_VERSION = 5.0;
				TARGETED_DEVICE_FAMILY = "1,2";
			};
			name = Release;
		};
/* End XCBuildConfiguration section */

/* Begin XCConfigurationList section */
		D03E529324C22C1D00B9AD8A /* Build configuration list for PBXProject "Assignment 5" */ = {
			isa = XCConfigurationList;
			buildConfigurations = (
				D03E52AA24C22C2100B9AD8A /* Debug */,
				D03E52AB24C22C2100B9AD8A /* Release */,
			);
			defaultConfigurationIsVisible = 0;
			defaultConfigurationName = Release;
		};
		D03E52AC24C22C2100B9AD8A /* Build configuration list for PBXNativeTarget "Assignment 5" */ = {
			isa = XCConfigurationList;
			buildConfigurations = (
				D03E52AD24C22C2100B9AD8A /* Debug */,
				D03E52AE24C22C2100B9AD8A /* Release */,
			);
			defaultConfigurationIsVisible = 0;
			defaultConfigurationName = Release;
		};
/* End XCConfigurationList section */
	};
	rootObject = D03E529024C22C1D00B9AD8A /* Project object */;
}
